
Microsoft Visual Studio Solution File, Format Version 11.00
# Visual Studio 2010
Project("{FAE04EC0-301F-11D3-BF4B-00C04F79EFBC}") = "OtoServer", "OtoServer.csproj", "{FFB44B0E-A039-47B7-9051-FCBB7B01BDBD}"
EndProject
Global
	GlobalSection(SolutionConfigurationPlatforms) = preSolution
		Debug|Any CPU = Debug|Any CPU
		Release|Any CPU = Release|Any CPU
	EndGlobalSection
	GlobalSection(ProjectConfigurationPlatforms) = postSolution
		{FFB44B0E-A039-47B7-9051-FCBB7B01BDBD}.Debug|Any CPU.ActiveCfg = Debug|Any CPU
		{FFB44B0E-A039-47B7-9051-FCBB7B01BDBD}.Debug|Any CPU.Build.0 = Debug|Any CPU
		{FFB44B0E-A039-47B7-9051-FCBB7B01BDBD}.Release|Any CPU.ActiveCfg = Release|Any CPU
		{FFB44B0E-A039-47B7-9051-FCBB7B01BDBD}.Release|Any CPU.Build.0 = Release|Any CPU
	EndGlobalSection
	GlobalSection(SolutionProperties) = preSolution
		HideSolutionNode = FALSE
	EndGlobalSection
EndGlobal
